// !$*UTF8*$!
{
	archiveVersion = 1;
	classes = {
	};
	objectVersion = 56;
	objects = {

/* Begin PBXBuildFile section */
		CF197ADE2B68FC9400F4AFE7 /* API.swift in Sources */ = {isa = PBXBuildFile; fileRef = CF197ADB2B68FC9300F4AFE7 /* API.swift */; };
		CF197AE02B68FC9400F4AFE7 /* APIEndpoint.swift in Sources */ = {isa = PBXBuildFile; fileRef = CF197ADC2B68FC9400F4AFE7 /* APIEndpoint.swift */; };
		CF197AE22B68FC9400F4AFE7 /* APIError.swift in Sources */ = {isa = PBXBuildFile; fileRef = CF197ADD2B68FC9400F4AFE7 /* APIError.swift */; };
		CF504F9E2BB0331E0009709D /* CategoryService.swift in Sources */ = {isa = PBXBuildFile; fileRef = CF504F9D2BB0331E0009709D /* CategoryService.swift */; };
		CF504FA02BB033290009709D /* CategoryEndpoint.swift in Sources */ = {isa = PBXBuildFile; fileRef = CF504F9F2BB033290009709D /* CategoryEndpoint.swift */; };
		CF504FA42BB0348A0009709D /* Category.swift in Sources */ = {isa = PBXBuildFile; fileRef = CF504FA32BB0348A0009709D /* Category.swift */; };
		CF504FA62BB0349B0009709D /* CategoryResponse.swift in Sources */ = {isa = PBXBuildFile; fileRef = CF504FA52BB0349B0009709D /* CategoryResponse.swift */; };
		CF504FA92BB035540009709D /* HomeViewModel.swift in Sources */ = {isa = PBXBuildFile; fileRef = CF504FA82BB035540009709D /* HomeViewModel.swift */; };
		CF64918E2BAFF0B500EAA687 /* TBTextField.swift in Sources */ = {isa = PBXBuildFile; fileRef = CF64918D2BAFF0B500EAA687 /* TBTextField.swift */; };
		CF6491902BAFF26900EAA687 /* FontHelper.swift in Sources */ = {isa = PBXBuildFile; fileRef = CF64918F2BAFF26900EAA687 /* FontHelper.swift */; };
		CF78D1D22BAFED28006482BA /* UIFont+.swift in Sources */ = {isa = PBXBuildFile; fileRef = CF78D1CA2BAFED28006482BA /* UIFont+.swift */; };
		CF78D1D32BAFED28006482BA /* UIScreen+.swift in Sources */ = {isa = PBXBuildFile; fileRef = CF78D1CB2BAFED28006482BA /* UIScreen+.swift */; };
		CF78D1D42BAFED28006482BA /* UICollectionView+.swift in Sources */ = {isa = PBXBuildFile; fileRef = CF78D1CC2BAFED28006482BA /* UICollectionView+.swift */; };
		CF78D1D52BAFED28006482BA /* UIView+.swift in Sources */ = {isa = PBXBuildFile; fileRef = CF78D1CD2BAFED28006482BA /* UIView+.swift */; };
		CF78D1D62BAFED28006482BA /* Notification+.swift in Sources */ = {isa = PBXBuildFile; fileRef = CF78D1CE2BAFED28006482BA /* Notification+.swift */; };
		CF78D1D72BAFED28006482BA /* UIWindow+.swift in Sources */ = {isa = PBXBuildFile; fileRef = CF78D1CF2BAFED28006482BA /* UIWindow+.swift */; };
		CF78D1D82BAFED28006482BA /* UIStackView+.swift in Sources */ = {isa = PBXBuildFile; fileRef = CF78D1D02BAFED28006482BA /* UIStackView+.swift */; };
		CF78D1D92BAFED28006482BA /* UserDefaults+.swift in Sources */ = {isa = PBXBuildFile; fileRef = CF78D1D12BAFED28006482BA /* UserDefaults+.swift */; };
		CF78D1DB2BAFEDD7006482BA /* UsesAutoLayout.swift in Sources */ = {isa = PBXBuildFile; fileRef = CF78D1DA2BAFEDD7006482BA /* UsesAutoLayout.swift */; };
		CF78D1E22BAFEE16006482BA /* TBNavigationView.swift in Sources */ = {isa = PBXBuildFile; fileRef = CF78D1DD2BAFEE16006482BA /* TBNavigationView.swift */; };
		CF78D1E32BAFEE16006482BA /* EmptyStateView.swift in Sources */ = {isa = PBXBuildFile; fileRef = CF78D1DE2BAFEE16006482BA /* EmptyStateView.swift */; };
		CF78D1E42BAFEE16006482BA /* TBCollectionViewController.swift in Sources */ = {isa = PBXBuildFile; fileRef = CF78D1DF2BAFEE16006482BA /* TBCollectionViewController.swift */; };
		CF78D1E52BAFEE16006482BA /* TBButton.swift in Sources */ = {isa = PBXBuildFile; fileRef = CF78D1E02BAFEE16006482BA /* TBButton.swift */; };
		CF78D1E62BAFEE16006482BA /* LayoutType.swift in Sources */ = {isa = PBXBuildFile; fileRef = CF78D1E12BAFEE16006482BA /* LayoutType.swift */; };
		CF8EF6192BB02A6A00E44CD8 /* QuizService.swift in Sources */ = {isa = PBXBuildFile; fileRef = CF8EF6182BB02A6A00E44CD8 /* QuizService.swift */; };
		CF8EF61B2BB02A8A00E44CD8 /* QuizItem.swift in Sources */ = {isa = PBXBuildFile; fileRef = CF8EF61A2BB02A8A00E44CD8 /* QuizItem.swift */; };
		CF8EF61D2BB02A9600E44CD8 /* QuizResponse.swift in Sources */ = {isa = PBXBuildFile; fileRef = CF8EF61C2BB02A9600E44CD8 /* QuizResponse.swift */; };
		CF8EF61F2BB02D4C00E44CD8 /* QuizEndpoint.swift in Sources */ = {isa = PBXBuildFile; fileRef = CF8EF61E2BB02D4C00E44CD8 /* QuizEndpoint.swift */; };
		CFB8A8E12B66238000E617C5 /* AppDelegate.swift in Sources */ = {isa = PBXBuildFile; fileRef = CFB8A8E02B66238000E617C5 /* AppDelegate.swift */; };
		CFB8A8E32B66238000E617C5 /* SceneDelegate.swift in Sources */ = {isa = PBXBuildFile; fileRef = CFB8A8E22B66238000E617C5 /* SceneDelegate.swift */; };
		CFB8A8E52B66238000E617C5 /* HomeViewController.swift in Sources */ = {isa = PBXBuildFile; fileRef = CFB8A8E42B66238000E617C5 /* HomeViewController.swift */; };
		CFB8A8ED2B66238100E617C5 /* LaunchScreen.storyboard in Resources */ = {isa = PBXBuildFile; fileRef = CFB8A8EB2B66238100E617C5 /* LaunchScreen.storyboard */; };
		CFB8A8F52B66263500E617C5 /* Constants.swift in Sources */ = {isa = PBXBuildFile; fileRef = CFB8A8F42B66263500E617C5 /* Constants.swift */; };
		CFB8A9172B6626C600E617C5 /* Assets.xcassets in Resources */ = {isa = PBXBuildFile; fileRef = CFB8A8E92B66238100E617C5 /* Assets.xcassets */; };
		CFB8A9442B6640D000E617C5 /* TriviaBuddyModel.xcdatamodeld in Sources */ = {isa = PBXBuildFile; fileRef = CFB8A9422B6640D000E617C5 /* TriviaBuddyModel.xcdatamodeld */; };
		CFB8A9482B6640F900E617C5 /* CoreDataStack.swift in Sources */ = {isa = PBXBuildFile; fileRef = CFB8A9472B6640F900E617C5 /* CoreDataStack.swift */; };
		CFB8A94B2B66420F00E617C5 /* URL+.swift in Sources */ = {isa = PBXBuildFile; fileRef = CFB8A94A2B66420F00E617C5 /* URL+.swift */; };
		CFB8A94E2B6643AF00E617C5 /* Logger.swift in Sources */ = {isa = PBXBuildFile; fileRef = CFB8A94D2B6643AF00E617C5 /* Logger.swift */; };
		CFD503D72BB1CA4A00C96CCD /* TBQuizViewController.swift in Sources */ = {isa = PBXBuildFile; fileRef = CFD503D62BB1CA4A00C96CCD /* TBQuizViewController.swift */; };
		CFD503D92BB2875200C96CCD /* NSCache+.swift in Sources */ = {isa = PBXBuildFile; fileRef = CFD503D82BB2875200C96CCD /* NSCache+.swift */; };
		CFD503DB2BB2876B00C96CCD /* CacheEntryObject.swift in Sources */ = {isa = PBXBuildFile; fileRef = CFD503DA2BB2876B00C96CCD /* CacheEntryObject.swift */; };
		CFD503E52BB2974300C96CCD /* PlusJakartaSans-Bold.ttf in Resources */ = {isa = PBXBuildFile; fileRef = CFD503DD2BB2974300C96CCD /* PlusJakartaSans-Bold.ttf */; };
		CFD503E62BB2974300C96CCD /* PlusJakartaSans-ExtraBold.ttf in Resources */ = {isa = PBXBuildFile; fileRef = CFD503DE2BB2974300C96CCD /* PlusJakartaSans-ExtraBold.ttf */; };
		CFD503E72BB2974300C96CCD /* PlusJakartaSans-ExtraLight.ttf in Resources */ = {isa = PBXBuildFile; fileRef = CFD503DF2BB2974300C96CCD /* PlusJakartaSans-ExtraLight.ttf */; };
		CFD503E82BB2974300C96CCD /* PlusJakartaSans-Light.ttf in Resources */ = {isa = PBXBuildFile; fileRef = CFD503E02BB2974300C96CCD /* PlusJakartaSans-Light.ttf */; };
		CFD503E92BB2974300C96CCD /* PlusJakartaSans-Medium.ttf in Resources */ = {isa = PBXBuildFile; fileRef = CFD503E12BB2974300C96CCD /* PlusJakartaSans-Medium.ttf */; };
		CFD503EA2BB2974300C96CCD /* PlusJakartaSans-Regular.ttf in Resources */ = {isa = PBXBuildFile; fileRef = CFD503E22BB2974300C96CCD /* PlusJakartaSans-Regular.ttf */; };
		CFD503EB2BB2974300C96CCD /* PlusJakartaSans-SemiBold.ttf in Resources */ = {isa = PBXBuildFile; fileRef = CFD503E32BB2974300C96CCD /* PlusJakartaSans-SemiBold.ttf */; };
		CFD503ED2BB2A13F00C96CCD /* TBButtonCell.swift in Sources */ = {isa = PBXBuildFile; fileRef = CFD503EC2BB2A13F00C96CCD /* TBButtonCell.swift */; };
		CFD503EF2BB2B8A900C96CCD /* TBHeaderSection.swift in Sources */ = {isa = PBXBuildFile; fileRef = CFD503EE2BB2B8A900C96CCD /* TBHeaderSection.swift */; };
		CFD503F12BB2BDF900C96CCD /* QuizViewController.swift in Sources */ = {isa = PBXBuildFile; fileRef = CFD503F02BB2BDF900C96CCD /* QuizViewController.swift */; };
		CFD503F32BB2BE0100C96CCD /* QuizViewModel.swift in Sources */ = {isa = PBXBuildFile; fileRef = CFD503F22BB2BE0100C96CCD /* QuizViewModel.swift */; };
		CFD503F82BB2FF8100C96CCD /* QuizComponents.swift in Sources */ = {isa = PBXBuildFile; fileRef = CFD503F72BB2FF8100C96CCD /* QuizComponents.swift */; };
		CFD503FA2BB3145A00C96CCD /* LoaderState.swift in Sources */ = {isa = PBXBuildFile; fileRef = CFD503F92BB3145A00C96CCD /* LoaderState.swift */; };
		CFD503FC2BB32A2A00C96CCD /* QuestionCell.swift in Sources */ = {isa = PBXBuildFile; fileRef = CFD503FB2BB32A2A00C96CCD /* QuestionCell.swift */; };
		CFD503FE2BB3EADA00C96CCD /* QuizCell.swift in Sources */ = {isa = PBXBuildFile; fileRef = CFD503FD2BB3EADA00C96CCD /* QuizCell.swift */; };
		CFD504002BB3F6D200C96CCD /* String+.swift in Sources */ = {isa = PBXBuildFile; fileRef = CFD503FF2BB3F6D200C96CCD /* String+.swift */; };
/* End PBXBuildFile section */

/* Begin PBXFileReference section */
		CF197ADB2B68FC9300F4AFE7 /* API.swift */ = {isa = PBXFileReference; fileEncoding = 4; lastKnownFileType = sourcecode.swift; path = API.swift; sourceTree = "<group>"; };
		CF197ADC2B68FC9400F4AFE7 /* APIEndpoint.swift */ = {isa = PBXFileReference; fileEncoding = 4; lastKnownFileType = sourcecode.swift; path = APIEndpoint.swift; sourceTree = "<group>"; };
		CF197ADD2B68FC9400F4AFE7 /* APIError.swift */ = {isa = PBXFileReference; fileEncoding = 4; lastKnownFileType = sourcecode.swift; path = APIError.swift; sourceTree = "<group>"; };
		CF504F9D2BB0331E0009709D /* CategoryService.swift */ = {isa = PBXFileReference; lastKnownFileType = sourcecode.swift; path = CategoryService.swift; sourceTree = "<group>"; };
		CF504F9F2BB033290009709D /* CategoryEndpoint.swift */ = {isa = PBXFileReference; lastKnownFileType = sourcecode.swift; path = CategoryEndpoint.swift; sourceTree = "<group>"; };
		CF504FA32BB0348A0009709D /* Category.swift */ = {isa = PBXFileReference; lastKnownFileType = sourcecode.swift; path = Category.swift; sourceTree = "<group>"; };
		CF504FA52BB0349B0009709D /* CategoryResponse.swift */ = {isa = PBXFileReference; lastKnownFileType = sourcecode.swift; path = CategoryResponse.swift; sourceTree = "<group>"; };
		CF504FA82BB035540009709D /* HomeViewModel.swift */ = {isa = PBXFileReference; lastKnownFileType = sourcecode.swift; path = HomeViewModel.swift; sourceTree = "<group>"; };
		CF64918D2BAFF0B500EAA687 /* TBTextField.swift */ = {isa = PBXFileReference; fileEncoding = 4; lastKnownFileType = sourcecode.swift; path = TBTextField.swift; sourceTree = "<group>"; };
		CF64918F2BAFF26900EAA687 /* FontHelper.swift */ = {isa = PBXFileReference; fileEncoding = 4; lastKnownFileType = sourcecode.swift; path = FontHelper.swift; sourceTree = "<group>"; };
		CF78D1CA2BAFED28006482BA /* UIFont+.swift */ = {isa = PBXFileReference; fileEncoding = 4; lastKnownFileType = sourcecode.swift; path = "UIFont+.swift"; sourceTree = "<group>"; };
		CF78D1CB2BAFED28006482BA /* UIScreen+.swift */ = {isa = PBXFileReference; fileEncoding = 4; lastKnownFileType = sourcecode.swift; path = "UIScreen+.swift"; sourceTree = "<group>"; };
		CF78D1CC2BAFED28006482BA /* UICollectionView+.swift */ = {isa = PBXFileReference; fileEncoding = 4; lastKnownFileType = sourcecode.swift; path = "UICollectionView+.swift"; sourceTree = "<group>"; };
		CF78D1CD2BAFED28006482BA /* UIView+.swift */ = {isa = PBXFileReference; fileEncoding = 4; lastKnownFileType = sourcecode.swift; path = "UIView+.swift"; sourceTree = "<group>"; };
		CF78D1CE2BAFED28006482BA /* Notification+.swift */ = {isa = PBXFileReference; fileEncoding = 4; lastKnownFileType = sourcecode.swift; path = "Notification+.swift"; sourceTree = "<group>"; };
		CF78D1CF2BAFED28006482BA /* UIWindow+.swift */ = {isa = PBXFileReference; fileEncoding = 4; lastKnownFileType = sourcecode.swift; path = "UIWindow+.swift"; sourceTree = "<group>"; };
		CF78D1D02BAFED28006482BA /* UIStackView+.swift */ = {isa = PBXFileReference; fileEncoding = 4; lastKnownFileType = sourcecode.swift; path = "UIStackView+.swift"; sourceTree = "<group>"; };
		CF78D1D12BAFED28006482BA /* UserDefaults+.swift */ = {isa = PBXFileReference; fileEncoding = 4; lastKnownFileType = sourcecode.swift; path = "UserDefaults+.swift"; sourceTree = "<group>"; };
		CF78D1DA2BAFEDD7006482BA /* UsesAutoLayout.swift */ = {isa = PBXFileReference; fileEncoding = 4; lastKnownFileType = sourcecode.swift; path = UsesAutoLayout.swift; sourceTree = "<group>"; };
		CF78D1DD2BAFEE16006482BA /* TBNavigationView.swift */ = {isa = PBXFileReference; fileEncoding = 4; lastKnownFileType = sourcecode.swift; path = TBNavigationView.swift; sourceTree = "<group>"; };
		CF78D1DE2BAFEE16006482BA /* EmptyStateView.swift */ = {isa = PBXFileReference; fileEncoding = 4; lastKnownFileType = sourcecode.swift; path = EmptyStateView.swift; sourceTree = "<group>"; };
		CF78D1DF2BAFEE16006482BA /* TBCollectionViewController.swift */ = {isa = PBXFileReference; fileEncoding = 4; lastKnownFileType = sourcecode.swift; path = TBCollectionViewController.swift; sourceTree = "<group>"; };
		CF78D1E02BAFEE16006482BA /* TBButton.swift */ = {isa = PBXFileReference; fileEncoding = 4; lastKnownFileType = sourcecode.swift; path = TBButton.swift; sourceTree = "<group>"; };
		CF78D1E12BAFEE16006482BA /* LayoutType.swift */ = {isa = PBXFileReference; fileEncoding = 4; lastKnownFileType = sourcecode.swift; path = LayoutType.swift; sourceTree = "<group>"; };
		CF8EF6182BB02A6A00E44CD8 /* QuizService.swift */ = {isa = PBXFileReference; lastKnownFileType = sourcecode.swift; path = QuizService.swift; sourceTree = "<group>"; };
		CF8EF61A2BB02A8A00E44CD8 /* QuizItem.swift */ = {isa = PBXFileReference; lastKnownFileType = sourcecode.swift; path = QuizItem.swift; sourceTree = "<group>"; };
		CF8EF61C2BB02A9600E44CD8 /* QuizResponse.swift */ = {isa = PBXFileReference; lastKnownFileType = sourcecode.swift; path = QuizResponse.swift; sourceTree = "<group>"; };
		CF8EF61E2BB02D4C00E44CD8 /* QuizEndpoint.swift */ = {isa = PBXFileReference; lastKnownFileType = sourcecode.swift; path = QuizEndpoint.swift; sourceTree = "<group>"; };
		CFB8A8DD2B66238000E617C5 /* TriviaBuddy.app */ = {isa = PBXFileReference; explicitFileType = wrapper.application; includeInIndex = 0; path = TriviaBuddy.app; sourceTree = BUILT_PRODUCTS_DIR; };
		CFB8A8E02B66238000E617C5 /* AppDelegate.swift */ = {isa = PBXFileReference; lastKnownFileType = sourcecode.swift; path = AppDelegate.swift; sourceTree = "<group>"; };
		CFB8A8E22B66238000E617C5 /* SceneDelegate.swift */ = {isa = PBXFileReference; lastKnownFileType = sourcecode.swift; path = SceneDelegate.swift; sourceTree = "<group>"; };
		CFB8A8E42B66238000E617C5 /* HomeViewController.swift */ = {isa = PBXFileReference; lastKnownFileType = sourcecode.swift; path = HomeViewController.swift; sourceTree = "<group>"; };
		CFB8A8E92B66238100E617C5 /* Assets.xcassets */ = {isa = PBXFileReference; lastKnownFileType = folder.assetcatalog; path = Assets.xcassets; sourceTree = "<group>"; };
		CFB8A8EC2B66238100E617C5 /* Base */ = {isa = PBXFileReference; lastKnownFileType = file.storyboard; name = Base; path = Base.lproj/LaunchScreen.storyboard; sourceTree = "<group>"; };
		CFB8A8EE2B66238100E617C5 /* Info.plist */ = {isa = PBXFileReference; lastKnownFileType = text.plist.xml; path = Info.plist; sourceTree = "<group>"; };
		CFB8A8F42B66263500E617C5 /* Constants.swift */ = {isa = PBXFileReference; lastKnownFileType = sourcecode.swift; path = Constants.swift; sourceTree = "<group>"; };
		CFB8A9182B6628AD00E617C5 /* TriviaBuddy.entitlements */ = {isa = PBXFileReference; lastKnownFileType = text.plist.entitlements; path = TriviaBuddy.entitlements; sourceTree = "<group>"; };
		CFB8A9432B6640D000E617C5 /* TriviaBuddyModel.xcdatamodel */ = {isa = PBXFileReference; lastKnownFileType = wrapper.xcdatamodel; path = TriviaBuddyModel.xcdatamodel; sourceTree = "<group>"; };
		CFB8A9472B6640F900E617C5 /* CoreDataStack.swift */ = {isa = PBXFileReference; lastKnownFileType = sourcecode.swift; path = CoreDataStack.swift; sourceTree = "<group>"; };
		CFB8A94A2B66420F00E617C5 /* URL+.swift */ = {isa = PBXFileReference; lastKnownFileType = sourcecode.swift; path = "URL+.swift"; sourceTree = "<group>"; };
		CFB8A94D2B6643AF00E617C5 /* Logger.swift */ = {isa = PBXFileReference; lastKnownFileType = sourcecode.swift; path = Logger.swift; sourceTree = "<group>"; };
		CFD503D62BB1CA4A00C96CCD /* TBQuizViewController.swift */ = {isa = PBXFileReference; lastKnownFileType = sourcecode.swift; path = TBQuizViewController.swift; sourceTree = "<group>"; };
		CFD503D82BB2875200C96CCD /* NSCache+.swift */ = {isa = PBXFileReference; lastKnownFileType = sourcecode.swift; path = "NSCache+.swift"; sourceTree = "<group>"; };
		CFD503DA2BB2876B00C96CCD /* CacheEntryObject.swift */ = {isa = PBXFileReference; lastKnownFileType = sourcecode.swift; path = CacheEntryObject.swift; sourceTree = "<group>"; };
		CFD503DD2BB2974300C96CCD /* PlusJakartaSans-Bold.ttf */ = {isa = PBXFileReference; lastKnownFileType = file; path = "PlusJakartaSans-Bold.ttf"; sourceTree = "<group>"; };
		CFD503DE2BB2974300C96CCD /* PlusJakartaSans-ExtraBold.ttf */ = {isa = PBXFileReference; lastKnownFileType = file; path = "PlusJakartaSans-ExtraBold.ttf"; sourceTree = "<group>"; };
		CFD503DF2BB2974300C96CCD /* PlusJakartaSans-ExtraLight.ttf */ = {isa = PBXFileReference; lastKnownFileType = file; path = "PlusJakartaSans-ExtraLight.ttf"; sourceTree = "<group>"; };
		CFD503E02BB2974300C96CCD /* PlusJakartaSans-Light.ttf */ = {isa = PBXFileReference; lastKnownFileType = file; path = "PlusJakartaSans-Light.ttf"; sourceTree = "<group>"; };
		CFD503E12BB2974300C96CCD /* PlusJakartaSans-Medium.ttf */ = {isa = PBXFileReference; lastKnownFileType = file; path = "PlusJakartaSans-Medium.ttf"; sourceTree = "<group>"; };
		CFD503E22BB2974300C96CCD /* PlusJakartaSans-Regular.ttf */ = {isa = PBXFileReference; lastKnownFileType = file; path = "PlusJakartaSans-Regular.ttf"; sourceTree = "<group>"; };
		CFD503E32BB2974300C96CCD /* PlusJakartaSans-SemiBold.ttf */ = {isa = PBXFileReference; lastKnownFileType = file; path = "PlusJakartaSans-SemiBold.ttf"; sourceTree = "<group>"; };
		CFD503EC2BB2A13F00C96CCD /* TBButtonCell.swift */ = {isa = PBXFileReference; lastKnownFileType = sourcecode.swift; path = TBButtonCell.swift; sourceTree = "<group>"; };
		CFD503EE2BB2B8A900C96CCD /* TBHeaderSection.swift */ = {isa = PBXFileReference; lastKnownFileType = sourcecode.swift; path = TBHeaderSection.swift; sourceTree = "<group>"; };
		CFD503F02BB2BDF900C96CCD /* QuizViewController.swift */ = {isa = PBXFileReference; lastKnownFileType = sourcecode.swift; path = QuizViewController.swift; sourceTree = "<group>"; };
		CFD503F22BB2BE0100C96CCD /* QuizViewModel.swift */ = {isa = PBXFileReference; lastKnownFileType = sourcecode.swift; path = QuizViewModel.swift; sourceTree = "<group>"; };
		CFD503F72BB2FF8100C96CCD /* QuizComponents.swift */ = {isa = PBXFileReference; lastKnownFileType = sourcecode.swift; path = QuizComponents.swift; sourceTree = "<group>"; };
		CFD503F92BB3145A00C96CCD /* LoaderState.swift */ = {isa = PBXFileReference; lastKnownFileType = sourcecode.swift; path = LoaderState.swift; sourceTree = "<group>"; };
		CFD503FB2BB32A2A00C96CCD /* QuestionCell.swift */ = {isa = PBXFileReference; lastKnownFileType = sourcecode.swift; path = QuestionCell.swift; sourceTree = "<group>"; };
		CFD503FD2BB3EADA00C96CCD /* QuizCell.swift */ = {isa = PBXFileReference; lastKnownFileType = sourcecode.swift; path = QuizCell.swift; sourceTree = "<group>"; };
		CFD503FF2BB3F6D200C96CCD /* String+.swift */ = {isa = PBXFileReference; lastKnownFileType = sourcecode.swift; path = "String+.swift"; sourceTree = "<group>"; };
/* End PBXFileReference section */

/* Begin PBXFrameworksBuildPhase section */
		CFB8A8DA2B66238000E617C5 /* Frameworks */ = {
			isa = PBXFrameworksBuildPhase;
			buildActionMask = 2147483647;
			files = (
			);
			runOnlyForDeploymentPostprocessing = 0;
		};
/* End PBXFrameworksBuildPhase section */

/* Begin PBXGroup section */
		CF197AE42B68FCB500F4AFE7 /* Implementations */ = {
			isa = PBXGroup;
			children = (
				CF197ADB2B68FC9300F4AFE7 /* API.swift */,
				CF197ADC2B68FC9400F4AFE7 /* APIEndpoint.swift */,
				CF197ADD2B68FC9400F4AFE7 /* APIError.swift */,
			);
			path = Implementations;
			sourceTree = "<group>";
		};
		CF197AE52B68FCC000F4AFE7 /* Networking */ = {
			isa = PBXGroup;
			children = (
				CF197AE42B68FCB500F4AFE7 /* Implementations */,
				CF504F9C2BB0330E0009709D /* Quiz */,
				CF504FA12BB0332D0009709D /* Category */,
			);
			path = Networking;
			sourceTree = "<group>";
		};
		CF504F9C2BB0330E0009709D /* Quiz */ = {
			isa = PBXGroup;
			children = (
				CF8EF6182BB02A6A00E44CD8 /* QuizService.swift */,
				CF8EF61E2BB02D4C00E44CD8 /* QuizEndpoint.swift */,
			);
			path = Quiz;
			sourceTree = "<group>";
		};
		CF504FA12BB0332D0009709D /* Category */ = {
			isa = PBXGroup;
			children = (
				CF504F9D2BB0331E0009709D /* CategoryService.swift */,
				CF504F9F2BB033290009709D /* CategoryEndpoint.swift */,
			);
			path = Category;
			sourceTree = "<group>";
		};
		CF504FA22BB034810009709D /* Quiz */ = {
			isa = PBXGroup;
			children = (
				CF8EF61A2BB02A8A00E44CD8 /* QuizItem.swift */,
				CF8EF61C2BB02A9600E44CD8 /* QuizResponse.swift */,
			);
			path = Quiz;
			sourceTree = "<group>";
		};
		CF504FA72BB0349E0009709D /* Category */ = {
			isa = PBXGroup;
			children = (
				CF504FA32BB0348A0009709D /* Category.swift */,
				CF504FA52BB0349B0009709D /* CategoryResponse.swift */,
			);
			path = Category;
			sourceTree = "<group>";
		};
		CF504FAA2BB0355E0009709D /* Home */ = {
			isa = PBXGroup;
			children = (
				CFB8A8E42B66238000E617C5 /* HomeViewController.swift */,
				CF504FA82BB035540009709D /* HomeViewModel.swift */,
			);
			path = Home;
			sourceTree = "<group>";
		};
		CF504FAB2BB035630009709D /* Modules */ = {
			isa = PBXGroup;
			children = (
				CF504FAA2BB0355E0009709D /* Home */,
				CFD503F42BB2BE0700C96CCD /* Quiz */,
			);
			path = Modules;
			sourceTree = "<group>";
		};
		CF78D1C92BAFED13006482BA /* Extensions */ = {
			isa = PBXGroup;
			children = (
				CF78D1CE2BAFED28006482BA /* Notification+.swift */,
				CF78D1CC2BAFED28006482BA /* UICollectionView+.swift */,
				CF78D1CA2BAFED28006482BA /* UIFont+.swift */,
				CF78D1CB2BAFED28006482BA /* UIScreen+.swift */,
				CF78D1D02BAFED28006482BA /* UIStackView+.swift */,
				CF78D1CD2BAFED28006482BA /* UIView+.swift */,
				CF78D1CF2BAFED28006482BA /* UIWindow+.swift */,
				CF78D1D12BAFED28006482BA /* UserDefaults+.swift */,
			);
			path = Extensions;
			sourceTree = "<group>";
		};
		CF78D1DC2BAFEDF8006482BA /* UI Components */ = {
			isa = PBXGroup;
			children = (
				CF64918D2BAFF0B500EAA687 /* TBTextField.swift */,
				CF78D1DE2BAFEE16006482BA /* EmptyStateView.swift */,
				CF78D1E12BAFEE16006482BA /* LayoutType.swift */,
				CF78D1E02BAFEE16006482BA /* TBButton.swift */,
				CF78D1DF2BAFEE16006482BA /* TBCollectionViewController.swift */,
				CF78D1DD2BAFEE16006482BA /* TBNavigationView.swift */,
				CFD503D62BB1CA4A00C96CCD /* TBQuizViewController.swift */,
				CFD503EC2BB2A13F00C96CCD /* TBButtonCell.swift */,
				CFD503EE2BB2B8A900C96CCD /* TBHeaderSection.swift */,
			);
			path = "UI Components";
			sourceTree = "<group>";
		};
		CFB8A8D42B66238000E617C5 = {
			isa = PBXGroup;
			children = (
				CFB8A8DF2B66238000E617C5 /* TriviaBuddy */,
				CFB8A8DE2B66238000E617C5 /* Products */,
			);
			sourceTree = "<group>";
		};
		CFB8A8DE2B66238000E617C5 /* Products */ = {
			isa = PBXGroup;
			children = (
				CFB8A8DD2B66238000E617C5 /* TriviaBuddy.app */,
			);
			name = Products;
			sourceTree = "<group>";
		};
		CFB8A8DF2B66238000E617C5 /* TriviaBuddy */ = {
			isa = PBXGroup;
			children = (
				CFD503E42BB2974300C96CCD /* Fonts */,
				CFB8A91A2B66295000E617C5 /* Config */,
				CFB8A8E02B66238000E617C5 /* AppDelegate.swift */,
				CFB8A8E22B66238000E617C5 /* SceneDelegate.swift */,
				CF504FAB2BB035630009709D /* Modules */,
				CFB8A9462B6640DE00E617C5 /* Model */,
				CFB8A8E92B66238100E617C5 /* Assets.xcassets */,
				CFB8A8EB2B66238100E617C5 /* LaunchScreen.storyboard */,
				CF78D1DC2BAFEDF8006482BA /* UI Components */,
				CF78D1C92BAFED13006482BA /* Extensions */,
				CFB8A91E2B662A3F00E617C5 /* Helpers */,
				CF197AE52B68FCC000F4AFE7 /* Networking */,
			);
			path = TriviaBuddy;
			sourceTree = "<group>";
		};
		CFB8A91A2B66295000E617C5 /* Config */ = {
			isa = PBXGroup;
			children = (
				CFB8A9182B6628AD00E617C5 /* TriviaBuddy.entitlements */,
				CFB8A8EE2B66238100E617C5 /* Info.plist */,
			);
			path = Config;
			sourceTree = "<group>";
		};
		CFB8A91E2B662A3F00E617C5 /* Helpers */ = {
			isa = PBXGroup;
			children = (
				CF64918F2BAFF26900EAA687 /* FontHelper.swift */,
				CF78D1DA2BAFEDD7006482BA /* UsesAutoLayout.swift */,
				CFB8A8F42B66263500E617C5 /* Constants.swift */,
				CFB8A94A2B66420F00E617C5 /* URL+.swift */,
				CFB8A94D2B6643AF00E617C5 /* Logger.swift */,
				CFD503D82BB2875200C96CCD /* NSCache+.swift */,
				CFD503DA2BB2876B00C96CCD /* CacheEntryObject.swift */,
				CFD503FF2BB3F6D200C96CCD /* String+.swift */,
			);
			path = Helpers;
			sourceTree = "<group>";
		};
		CFB8A9462B6640DE00E617C5 /* Model */ = {
			isa = PBXGroup;
			children = (
				CFB8A9422B6640D000E617C5 /* TriviaBuddyModel.xcdatamodeld */,
				CFB8A9472B6640F900E617C5 /* CoreDataStack.swift */,
				CF504FA22BB034810009709D /* Quiz */,
				CF504FA72BB0349E0009709D /* Category */,
				CFD503F72BB2FF8100C96CCD /* QuizComponents.swift */,
				CFD503F92BB3145A00C96CCD /* LoaderState.swift */,
			);
			path = Model;
			sourceTree = "<group>";
		};
		CFD503E42BB2974300C96CCD /* Fonts */ = {
			isa = PBXGroup;
			children = (
				CFD503DD2BB2974300C96CCD /* PlusJakartaSans-Bold.ttf */,
				CFD503DE2BB2974300C96CCD /* PlusJakartaSans-ExtraBold.ttf */,
				CFD503DF2BB2974300C96CCD /* PlusJakartaSans-ExtraLight.ttf */,
				CFD503E02BB2974300C96CCD /* PlusJakartaSans-Light.ttf */,
				CFD503E12BB2974300C96CCD /* PlusJakartaSans-Medium.ttf */,
				CFD503E22BB2974300C96CCD /* PlusJakartaSans-Regular.ttf */,
				CFD503E32BB2974300C96CCD /* PlusJakartaSans-SemiBold.ttf */,
			);
			path = Fonts;
			sourceTree = "<group>";
		};
		CFD503F42BB2BE0700C96CCD /* Quiz */ = {
			isa = PBXGroup;
			children = (
				CFD503F02BB2BDF900C96CCD /* QuizViewController.swift */,
				CFD503FD2BB3EADA00C96CCD /* QuizCell.swift */,
				CFD503F22BB2BE0100C96CCD /* QuizViewModel.swift */,
				CFD503FB2BB32A2A00C96CCD /* QuestionCell.swift */,
			);
			path = Quiz;
			sourceTree = "<group>";
		};
/* End PBXGroup section */

/* Begin PBXNativeTarget section */
		CFB8A8DC2B66238000E617C5 /* TriviaBuddy */ = {
			isa = PBXNativeTarget;
			buildConfigurationList = CFB8A8F12B66238100E617C5 /* Build configuration list for PBXNativeTarget "TriviaBuddy" */;
			buildPhases = (
				CFB8A8D92B66238000E617C5 /* Sources */,
				CFB8A8DA2B66238000E617C5 /* Frameworks */,
				CFB8A8DB2B66238000E617C5 /* Resources */,
			);
			buildRules = (
			);
			dependencies = (
			);
			name = TriviaBuddy;
			productName = TriviaBuddy;
			productReference = CFB8A8DD2B66238000E617C5 /* TriviaBuddy.app */;
			productType = "com.apple.product-type.application";
		};
/* End PBXNativeTarget section */

/* Begin PBXProject section */
		CFB8A8D52B66238000E617C5 /* Project object */ = {
			isa = PBXProject;
			attributes = {
				BuildIndependentTargetsInParallel = 1;
				LastSwiftUpdateCheck = 1510;
				LastUpgradeCheck = 1510;
				TargetAttributes = {
					CFB8A8DC2B66238000E617C5 = {
						CreatedOnToolsVersion = 15.1;
					};
				};
			};
			buildConfigurationList = CFB8A8D82B66238000E617C5 /* Build configuration list for PBXProject "TriviaBuddy" */;
			compatibilityVersion = "Xcode 14.0";
			developmentRegion = en;
			hasScannedForEncodings = 0;
			knownRegions = (
				en,
				Base,
			);
			mainGroup = CFB8A8D42B66238000E617C5;
			productRefGroup = CFB8A8DE2B66238000E617C5 /* Products */;
			projectDirPath = "";
			projectRoot = "";
			targets = (
				CFB8A8DC2B66238000E617C5 /* TriviaBuddy */,
			);
		};
/* End PBXProject section */

/* Begin PBXResourcesBuildPhase section */
		CFB8A8DB2B66238000E617C5 /* Resources */ = {
			isa = PBXResourcesBuildPhase;
			buildActionMask = 2147483647;
			files = (
				CFD503E52BB2974300C96CCD /* PlusJakartaSans-Bold.ttf in Resources */,
				CFD503E82BB2974300C96CCD /* PlusJakartaSans-Light.ttf in Resources */,
				CFB8A9172B6626C600E617C5 /* Assets.xcassets in Resources */,
				CFD503E92BB2974300C96CCD /* PlusJakartaSans-Medium.ttf in Resources */,
				CFD503EB2BB2974300C96CCD /* PlusJakartaSans-SemiBold.ttf in Resources */,
				CFD503E72BB2974300C96CCD /* PlusJakartaSans-ExtraLight.ttf in Resources */,
				CFD503EA2BB2974300C96CCD /* PlusJakartaSans-Regular.ttf in Resources */,
				CFD503E62BB2974300C96CCD /* PlusJakartaSans-ExtraBold.ttf in Resources */,
				CFB8A8ED2B66238100E617C5 /* LaunchScreen.storyboard in Resources */,
			);
			runOnlyForDeploymentPostprocessing = 0;
		};
/* End PBXResourcesBuildPhase section */

/* Begin PBXSourcesBuildPhase section */
		CFB8A8D92B66238000E617C5 /* Sources */ = {
			isa = PBXSourcesBuildPhase;
			buildActionMask = 2147483647;
			files = (
				CFD503FC2BB32A2A00C96CCD /* QuestionCell.swift in Sources */,
				CF78D1D22BAFED28006482BA /* UIFont+.swift in Sources */,
				CFD503D92BB2875200C96CCD /* NSCache+.swift in Sources */,
				CFB8A9482B6640F900E617C5 /* CoreDataStack.swift in Sources */,
				CF78D1E32BAFEE16006482BA /* EmptyStateView.swift in Sources */,
				CF197AE02B68FC9400F4AFE7 /* APIEndpoint.swift in Sources */,
				CFD503F32BB2BE0100C96CCD /* QuizViewModel.swift in Sources */,
				CF78D1D82BAFED28006482BA /* UIStackView+.swift in Sources */,
				CFB8A9442B6640D000E617C5 /* TriviaBuddyModel.xcdatamodeld in Sources */,
				CF78D1E52BAFEE16006482BA /* TBButton.swift in Sources */,
				CFD504002BB3F6D200C96CCD /* String+.swift in Sources */,
				CF78D1E22BAFEE16006482BA /* TBNavigationView.swift in Sources */,
				CFD503FA2BB3145A00C96CCD /* LoaderState.swift in Sources */,
				CF78D1D42BAFED28006482BA /* UICollectionView+.swift in Sources */,
				CF504FA62BB0349B0009709D /* CategoryResponse.swift in Sources */,
				CF64918E2BAFF0B500EAA687 /* TBTextField.swift in Sources */,
				CFB8A8E52B66238000E617C5 /* HomeViewController.swift in Sources */,
				CFD503D72BB1CA4A00C96CCD /* TBQuizViewController.swift in Sources */,
				CF504FA42BB0348A0009709D /* Category.swift in Sources */,
				CFD503F12BB2BDF900C96CCD /* QuizViewController.swift in Sources */,
				CFD503ED2BB2A13F00C96CCD /* TBButtonCell.swift in Sources */,
				CFB8A94B2B66420F00E617C5 /* URL+.swift in Sources */,
				CF197AE22B68FC9400F4AFE7 /* APIError.swift in Sources */,
				CFD503FE2BB3EADA00C96CCD /* QuizCell.swift in Sources */,
				CF197ADE2B68FC9400F4AFE7 /* API.swift in Sources */,
				CF78D1E62BAFEE16006482BA /* LayoutType.swift in Sources */,
				CF78D1DB2BAFEDD7006482BA /* UsesAutoLayout.swift in Sources */,
				CFB8A94E2B6643AF00E617C5 /* Logger.swift in Sources */,
				CF504FA92BB035540009709D /* HomeViewModel.swift in Sources */,
				CF78D1D32BAFED28006482BA /* UIScreen+.swift in Sources */,
				CF78D1D92BAFED28006482BA /* UserDefaults+.swift in Sources */,
				CFB8A8E12B66238000E617C5 /* AppDelegate.swift in Sources */,
				CF8EF61B2BB02A8A00E44CD8 /* QuizItem.swift in Sources */,
				CF78D1D52BAFED28006482BA /* UIView+.swift in Sources */,
				CF8EF61F2BB02D4C00E44CD8 /* QuizEndpoint.swift in Sources */,
				CF6491902BAFF26900EAA687 /* FontHelper.swift in Sources */,
				CF8EF6192BB02A6A00E44CD8 /* QuizService.swift in Sources */,
				CF78D1E42BAFEE16006482BA /* TBCollectionViewController.swift in Sources */,
				CF8EF61D2BB02A9600E44CD8 /* QuizResponse.swift in Sources */,
				CFB8A8E32B66238000E617C5 /* SceneDelegate.swift in Sources */,
				CFD503F82BB2FF8100C96CCD /* QuizComponents.swift in Sources */,
				CFB8A8F52B66263500E617C5 /* Constants.swift in Sources */,
				CFD503DB2BB2876B00C96CCD /* CacheEntryObject.swift in Sources */,
				CF78D1D62BAFED28006482BA /* Notification+.swift in Sources */,
				CFD503EF2BB2B8A900C96CCD /* TBHeaderSection.swift in Sources */,
				CF504FA02BB033290009709D /* CategoryEndpoint.swift in Sources */,
				CF78D1D72BAFED28006482BA /* UIWindow+.swift in Sources */,
				CF504F9E2BB0331E0009709D /* CategoryService.swift in Sources */,
			);
			runOnlyForDeploymentPostprocessing = 0;
		};
/* End PBXSourcesBuildPhase section */

/* Begin PBXVariantGroup section */
		CFB8A8EB2B66238100E617C5 /* LaunchScreen.storyboard */ = {
			isa = PBXVariantGroup;
			children = (
				CFB8A8EC2B66238100E617C5 /* Base */,
			);
			name = LaunchScreen.storyboard;
			sourceTree = "<group>";
		};
/* End PBXVariantGroup section */

/* Begin XCBuildConfiguration section */
		CFB8A8EF2B66238100E617C5 /* Debug */ = {
			isa = XCBuildConfiguration;
			buildSettings = {
				ALWAYS_SEARCH_USER_PATHS = NO;
				ASSETCATALOG_COMPILER_GENERATE_SWIFT_ASSET_SYMBOL_EXTENSIONS = YES;
				CLANG_ANALYZER_NONNULL = YES;
				CLANG_ANALYZER_NUMBER_OBJECT_CONVERSION = YES_AGGRESSIVE;
				CLANG_CXX_LANGUAGE_STANDARD = "gnu++20";
				CLANG_ENABLE_MODULES = YES;
				CLANG_ENABLE_OBJC_ARC = YES;
				CLANG_ENABLE_OBJC_WEAK = YES;
				CLANG_WARN_BLOCK_CAPTURE_AUTORELEASING = YES;
				CLANG_WARN_BOOL_CONVERSION = YES;
				CLANG_WARN_COMMA = YES;
				CLANG_WARN_CONSTANT_CONVERSION = YES;
				CLANG_WARN_DEPRECATED_OBJC_IMPLEMENTATIONS = YES;
				CLANG_WARN_DIRECT_OBJC_ISA_USAGE = YES_ERROR;
				CLANG_WARN_DOCUMENTATION_COMMENTS = YES;
				CLANG_WARN_EMPTY_BODY = YES;
				CLANG_WARN_ENUM_CONVERSION = YES;
				CLANG_WARN_INFINITE_RECURSION = YES;
				CLANG_WARN_INT_CONVERSION = YES;
				CLANG_WARN_NON_LITERAL_NULL_CONVERSION = YES;
				CLANG_WARN_OBJC_IMPLICIT_RETAIN_SELF = YES;
				CLANG_WARN_OBJC_LITERAL_CONVERSION = YES;
				CLANG_WARN_OBJC_ROOT_CLASS = YES_ERROR;
				CLANG_WARN_QUOTED_INCLUDE_IN_FRAMEWORK_HEADER = YES;
				CLANG_WARN_RANGE_LOOP_ANALYSIS = YES;
				CLANG_WARN_STRICT_PROTOTYPES = YES;
				CLANG_WARN_SUSPICIOUS_MOVE = YES;
				CLANG_WARN_UNGUARDED_AVAILABILITY = YES_AGGRESSIVE;
				CLANG_WARN_UNREACHABLE_CODE = YES;
				CLANG_WARN__DUPLICATE_METHOD_MATCH = YES;
				COPY_PHASE_STRIP = NO;
				DEBUG_INFORMATION_FORMAT = dwarf;
				ENABLE_STRICT_OBJC_MSGSEND = YES;
				ENABLE_TESTABILITY = YES;
				ENABLE_USER_SCRIPT_SANDBOXING = YES;
				GCC_C_LANGUAGE_STANDARD = gnu17;
				GCC_DYNAMIC_NO_PIC = NO;
				GCC_NO_COMMON_BLOCKS = YES;
				GCC_OPTIMIZATION_LEVEL = 0;
				GCC_PREPROCESSOR_DEFINITIONS = (
					"DEBUG=1",
					"$(inherited)",
				);
				GCC_WARN_64_TO_32_BIT_CONVERSION = YES;
				GCC_WARN_ABOUT_RETURN_TYPE = YES_ERROR;
				GCC_WARN_UNDECLARED_SELECTOR = YES;
				GCC_WARN_UNINITIALIZED_AUTOS = YES_AGGRESSIVE;
				GCC_WARN_UNUSED_FUNCTION = YES;
				GCC_WARN_UNUSED_VARIABLE = YES;
				IPHONEOS_DEPLOYMENT_TARGET = 15.0;
				LOCALIZATION_PREFERS_STRING_CATALOGS = YES;
				MTL_ENABLE_DEBUG_INFO = INCLUDE_SOURCE;
				MTL_FAST_MATH = YES;
				ONLY_ACTIVE_ARCH = YES;
				SDKROOT = iphoneos;
				SWIFT_ACTIVE_COMPILATION_CONDITIONS = "DEBUG $(inherited)";
				SWIFT_OPTIMIZATION_LEVEL = "-Onone";
			};
			name = Debug;
		};
		CFB8A8F02B66238100E617C5 /* Release */ = {
			isa = XCBuildConfiguration;
			buildSettings = {
				ALWAYS_SEARCH_USER_PATHS = NO;
				ASSETCATALOG_COMPILER_GENERATE_SWIFT_ASSET_SYMBOL_EXTENSIONS = YES;
				CLANG_ANALYZER_NONNULL = YES;
				CLANG_ANALYZER_NUMBER_OBJECT_CONVERSION = YES_AGGRESSIVE;
				CLANG_CXX_LANGUAGE_STANDARD = "gnu++20";
				CLANG_ENABLE_MODULES = YES;
				CLANG_ENABLE_OBJC_ARC = YES;
				CLANG_ENABLE_OBJC_WEAK = YES;
				CLANG_WARN_BLOCK_CAPTURE_AUTORELEASING = YES;
				CLANG_WARN_BOOL_CONVERSION = YES;
				CLANG_WARN_COMMA = YES;
				CLANG_WARN_CONSTANT_CONVERSION = YES;
				CLANG_WARN_DEPRECATED_OBJC_IMPLEMENTATIONS = YES;
				CLANG_WARN_DIRECT_OBJC_ISA_USAGE = YES_ERROR;
				CLANG_WARN_DOCUMENTATION_COMMENTS = YES;
				CLANG_WARN_EMPTY_BODY = YES;
				CLANG_WARN_ENUM_CONVERSION = YES;
				CLANG_WARN_INFINITE_RECURSION = YES;
				CLANG_WARN_INT_CONVERSION = YES;
				CLANG_WARN_NON_LITERAL_NULL_CONVERSION = YES;
				CLANG_WARN_OBJC_IMPLICIT_RETAIN_SELF = YES;
				CLANG_WARN_OBJC_LITERAL_CONVERSION = YES;
				CLANG_WARN_OBJC_ROOT_CLASS = YES_ERROR;
				CLANG_WARN_QUOTED_INCLUDE_IN_FRAMEWORK_HEADER = YES;
				CLANG_WARN_RANGE_LOOP_ANALYSIS = YES;
				CLANG_WARN_STRICT_PROTOTYPES = YES;
				CLANG_WARN_SUSPICIOUS_MOVE = YES;
				CLANG_WARN_UNGUARDED_AVAILABILITY = YES_AGGRESSIVE;
				CLANG_WARN_UNREACHABLE_CODE = YES;
				CLANG_WARN__DUPLICATE_METHOD_MATCH = YES;
				COPY_PHASE_STRIP = NO;
				DEBUG_INFORMATION_FORMAT = "dwarf-with-dsym";
				ENABLE_NS_ASSERTIONS = NO;
				ENABLE_STRICT_OBJC_MSGSEND = YES;
				ENABLE_USER_SCRIPT_SANDBOXING = YES;
				GCC_C_LANGUAGE_STANDARD = gnu17;
				GCC_NO_COMMON_BLOCKS = YES;
				GCC_WARN_64_TO_32_BIT_CONVERSION = YES;
				GCC_WARN_ABOUT_RETURN_TYPE = YES_ERROR;
				GCC_WARN_UNDECLARED_SELECTOR = YES;
				GCC_WARN_UNINITIALIZED_AUTOS = YES_AGGRESSIVE;
				GCC_WARN_UNUSED_FUNCTION = YES;
				GCC_WARN_UNUSED_VARIABLE = YES;
				IPHONEOS_DEPLOYMENT_TARGET = 15.0;
				LOCALIZATION_PREFERS_STRING_CATALOGS = YES;
				MTL_ENABLE_DEBUG_INFO = NO;
				MTL_FAST_MATH = YES;
				SDKROOT = iphoneos;
				SWIFT_COMPILATION_MODE = wholemodule;
				VALIDATE_PRODUCT = YES;
			};
			name = Release;
		};
		CFB8A8F22B66238100E617C5 /* Debug */ = {
			isa = XCBuildConfiguration;
			buildSettings = {
				ASSETCATALOG_COMPILER_APPICON_NAME = AppIcon;
				ASSETCATALOG_COMPILER_GLOBAL_ACCENT_COLOR_NAME = AccentColor;
				CODE_SIGN_ENTITLEMENTS = TriviaBuddy/Config/TriviaBuddy.entitlements;
				CODE_SIGN_STYLE = Automatic;
				CURRENT_PROJECT_VERSION = 1;
				DEVELOPMENT_TEAM = SJ64B32FPH;
				GENERATE_INFOPLIST_FILE = YES;
				INFOPLIST_FILE = TriviaBuddy/Config/Info.plist;
				INFOPLIST_KEY_UIApplicationSupportsIndirectInputEvents = YES;
				INFOPLIST_KEY_UILaunchStoryboardName = LaunchScreen;
				INFOPLIST_KEY_UIMainStoryboardFile = "";
				INFOPLIST_KEY_UISupportedInterfaceOrientations = UIInterfaceOrientationPortrait;
				INFOPLIST_KEY_UISupportedInterfaceOrientations_iPad = "UIInterfaceOrientationLandscapeLeft UIInterfaceOrientationLandscapeRight UIInterfaceOrientationPortrait UIInterfaceOrientationPortraitUpsideDown";
				IPHONEOS_DEPLOYMENT_TARGET = 15.0;
				LD_RUNPATH_SEARCH_PATHS = (
					"$(inherited)",
					"@executable_path/Frameworks",
				);
				MARKETING_VERSION = 1.0;
				PRODUCT_BUNDLE_IDENTIFIER = com.rajraval.TriviaBuddy;
				PRODUCT_NAME = "$(TARGET_NAME)";
				SUPPORTED_PLATFORMS = "iphoneos iphonesimulator";
				SUPPORTS_MACCATALYST = NO;
				SUPPORTS_MAC_DESIGNED_FOR_IPHONE_IPAD = NO;
				SWIFT_EMIT_LOC_STRINGS = YES;
				SWIFT_VERSION = 5.0;
				TARGETED_DEVICE_FAMILY = 1;
			};
			name = Debug;
		};
		CFB8A8F32B66238100E617C5 /* Release */ = {
			isa = XCBuildConfiguration;
			buildSettings = {
				ASSETCATALOG_COMPILER_APPICON_NAME = AppIcon;
				ASSETCATALOG_COMPILER_GLOBAL_ACCENT_COLOR_NAME = AccentColor;
				CODE_SIGN_ENTITLEMENTS = TriviaBuddy/Config/TriviaBuddy.entitlements;
				CODE_SIGN_STYLE = Automatic;
				CURRENT_PROJECT_VERSION = 1;
				DEVELOPMENT_TEAM = SJ64B32FPH;
				GENERATE_INFOPLIST_FILE = YES;
				INFOPLIST_FILE = TriviaBuddy/Config/Info.plist;
				INFOPLIST_KEY_UIApplicationSupportsIndirectInputEvents = YES;
				INFOPLIST_KEY_UILaunchStoryboardName = LaunchScreen;
				INFOPLIST_KEY_UIMainStoryboardFile = "";
				INFOPLIST_KEY_UISupportedInterfaceOrientations = UIInterfaceOrientationPortrait;
				INFOPLIST_KEY_UISupportedInterfaceOrientations_iPad = "UIInterfaceOrientationLandscapeLeft UIInterfaceOrientationLandscapeRight UIInterfaceOrientationPortrait UIInterfaceOrientationPortraitUpsideDown";
				IPHONEOS_DEPLOYMENT_TARGET = 15.0;
				LD_RUNPATH_SEARCH_PATHS = (
					"$(inherited)",
					"@executable_path/Frameworks",
				);
				MARKETING_VERSION = 1.0;
				PRODUCT_BUNDLE_IDENTIFIER = com.rajraval.TriviaBuddy;
				PRODUCT_NAME = "$(TARGET_NAME)";
				SUPPORTED_PLATFORMS = "iphoneos iphonesimulator";
				SUPPORTS_MACCATALYST = NO;
				SUPPORTS_MAC_DESIGNED_FOR_IPHONE_IPAD = NO;
				SWIFT_EMIT_LOC_STRINGS = YES;
				SWIFT_VERSION = 5.0;
				TARGETED_DEVICE_FAMILY = 1;
			};
			name = Release;
		};
/* End XCBuildConfiguration section */

/* Begin XCConfigurationList section */
		CFB8A8D82B66238000E617C5 /* Build configuration list for PBXProject "TriviaBuddy" */ = {
			isa = XCConfigurationList;
			buildConfigurations = (
				CFB8A8EF2B66238100E617C5 /* Debug */,
				CFB8A8F02B66238100E617C5 /* Release */,
			);
			defaultConfigurationIsVisible = 0;
			defaultConfigurationName = Release;
		};
		CFB8A8F12B66238100E617C5 /* Build configuration list for PBXNativeTarget "TriviaBuddy" */ = {
			isa = XCConfigurationList;
			buildConfigurations = (
				CFB8A8F22B66238100E617C5 /* Debug */,
				CFB8A8F32B66238100E617C5 /* Release */,
			);
			defaultConfigurationIsVisible = 0;
			defaultConfigurationName = Release;
		};
/* End XCConfigurationList section */

/* Begin XCVersionGroup section */
		CFB8A9422B6640D000E617C5 /* TriviaBuddyModel.xcdatamodeld */ = {
			isa = XCVersionGroup;
			children = (
				CFB8A9432B6640D000E617C5 /* TriviaBuddyModel.xcdatamodel */,
			);
			currentVersion = CFB8A9432B6640D000E617C5 /* TriviaBuddyModel.xcdatamodel */;
			path = TriviaBuddyModel.xcdatamodeld;
			sourceTree = "<group>";
			versionGroupType = wrapper.xcdatamodel;
		};
/* End XCVersionGroup section */
	};
	rootObject = CFB8A8D52B66238000E617C5 /* Project object */;
}
